// !$*UTF8*$!
{
	archiveVersion = 1;
	classes = {
	};
	objectVersion = 46;
	objects = {

/* Begin PBXBuildFile section */
		1130CB331C70F54100A6B758 /* RangeSlider.swift in Sources */ = {isa = PBXBuildFile; fileRef = 1130CB311C70F54100A6B758 /* RangeSlider.swift */; };
		1130CB341C70F54100A6B758 /* RangeSlider.xib in Resources */ = {isa = PBXBuildFile; fileRef = 1130CB321C70F54100A6B758 /* RangeSlider.xib */; };
		11A33D6F1C6F955700C965FE /* AppDelegate.swift in Sources */ = {isa = PBXBuildFile; fileRef = 11A33D6E1C6F955700C965FE /* AppDelegate.swift */; };
		11A33D711C6F955700C965FE /* ViewController.swift in Sources */ = {isa = PBXBuildFile; fileRef = 11A33D701C6F955700C965FE /* ViewController.swift */; };
		11A33D741C6F955700C965FE /* Main.storyboard in Resources */ = {isa = PBXBuildFile; fileRef = 11A33D721C6F955700C965FE /* Main.storyboard */; };
		11A33D761C6F955700C965FE /* Assets.xcassets in Resources */ = {isa = PBXBuildFile; fileRef = 11A33D751C6F955700C965FE /* Assets.xcassets */; };
		11A33D791C6F955700C965FE /* LaunchScreen.storyboard in Resources */ = {isa = PBXBuildFile; fileRef = 11A33D771C6F955700C965FE /* LaunchScreen.storyboard */; };
/* End PBXBuildFile section */

/* Begin PBXFileReference section */
		1130CB311C70F54100A6B758 /* RangeSlider.swift */ = {isa = PBXFileReference; fileEncoding = 4; lastKnownFileType = sourcecode.swift; path = RangeSlider.swift; sourceTree = "<group>"; };
		1130CB321C70F54100A6B758 /* RangeSlider.xib */ = {isa = PBXFileReference; fileEncoding = 4; lastKnownFileType = file.xib; path = RangeSlider.xib; sourceTree = "<group>"; };
		11A33D6B1C6F955700C965FE /* RangeSliderExample.app */ = {isa = PBXFileReference; explicitFileType = wrapper.application; includeInIndex = 0; path = RangeSliderExample.app; sourceTree = BUILT_PRODUCTS_DIR; };
		11A33D6E1C6F955700C965FE /* AppDelegate.swift */ = {isa = PBXFileReference; lastKnownFileType = sourcecode.swift; path = AppDelegate.swift; sourceTree = "<group>"; };
		11A33D701C6F955700C965FE /* ViewController.swift */ = {isa = PBXFileReference; lastKnownFileType = sourcecode.swift; path = ViewController.swift; sourceTree = "<group>"; };
		11A33D731C6F955700C965FE /* Base */ = {isa = PBXFileReference; lastKnownFileType = file.storyboard; name = Base; path = Base.lproj/Main.storyboard; sourceTree = "<group>"; };
		11A33D751C6F955700C965FE /* Assets.xcassets */ = {isa = PBXFileReference; lastKnownFileType = folder.assetcatalog; path = Assets.xcassets; sourceTree = "<group>"; };
		11A33D781C6F955700C965FE /* Base */ = {isa = PBXFileReference; lastKnownFileType = file.storyboard; name = Base; path = Base.lproj/LaunchScreen.storyboard; sourceTree = "<group>"; };
		11A33D7A1C6F955700C965FE /* Info.plist */ = {isa = PBXFileReference; lastKnownFileType = text.plist.xml; path = Info.plist; sourceTree = "<group>"; };
/* End PBXFileReference section */

/* Begin PBXFrameworksBuildPhase section */
		11A33D681C6F955700C965FE /* Frameworks */ = {
			isa = PBXFrameworksBuildPhase;
			buildActionMask = 2147483647;
			files = (
			);
			runOnlyForDeploymentPostprocessing = 0;
		};
/* End PBXFrameworksBuildPhase section */

/* Begin PBXGroup section */
		1130CB351C70F6B300A6B758 /* RangeSlider */ = {
			isa = PBXGroup;
			children = (
				1130CB321C70F54100A6B758 /* RangeSlider.xib */,
				1130CB311C70F54100A6B758 /* RangeSlider.swift */,
			);
			name = RangeSlider;
			sourceTree = "<group>";
		};
		11A33D621C6F955700C965FE = {
			isa = PBXGroup;
			children = (
				11A33D6D1C6F955700C965FE /* RangeSliderExample */,
				11A33D6C1C6F955700C965FE /* Products */,
			);
			sourceTree = "<group>";
		};
		11A33D6C1C6F955700C965FE /* Products */ = {
			isa = PBXGroup;
			children = (
				11A33D6B1C6F955700C965FE /* RangeSliderExample.app */,
			);
			name = Products;
			sourceTree = "<group>";
		};
		11A33D6D1C6F955700C965FE /* RangeSliderExample */ = {
			isa = PBXGroup;
			children = (
				11A33D6E1C6F955700C965FE /* AppDelegate.swift */,
				11A33D701C6F955700C965FE /* ViewController.swift */,
				11A33D721C6F955700C965FE /* Main.storyboard */,
				1130CB351C70F6B300A6B758 /* RangeSlider */,
				11A33D751C6F955700C965FE /* Assets.xcassets */,
				11A33D771C6F955700C965FE /* LaunchScreen.storyboard */,
				11A33D7A1C6F955700C965FE /* Info.plist */,
			);
			path = RangeSliderExample;
			sourceTree = "<group>";
		};
/* End PBXGroup section */

/* Begin PBXNativeTarget section */
		11A33D6A1C6F955700C965FE /* RangeSliderExample */ = {
			isa = PBXNativeTarget;
			buildConfigurationList = 11A33D7D1C6F955700C965FE /* Build configuration list for PBXNativeTarget "RangeSliderExample" */;
			buildPhases = (
				11A33D671C6F955700C965FE /* Sources */,
				11A33D681C6F955700C965FE /* Frameworks */,
				11A33D691C6F955700C965FE /* Resources */,
			);
			buildRules = (
			);
			dependencies = (
			);
			name = RangeSliderExample;
			productName = RangeSliderExample;
			productReference = 11A33D6B1C6F955700C965FE /* RangeSliderExample.app */;
			productType = "com.apple.product-type.application";
		};
/* End PBXNativeTarget section */

/* Begin PBXProject section */
		11A33D631C6F955700C965FE /* Project object */ = {
			isa = PBXProject;
			attributes = {
				LastSwiftUpdateCheck = 0720;
				LastUpgradeCheck = 0720;
				ORGANIZATIONNAME = "Alexander Naumov";
				TargetAttributes = {
					11A33D6A1C6F955700C965FE = {
						CreatedOnToolsVersion = 7.2.1;
						DevelopmentTeam = ABNUUN3BHV;
					};
				};
			};
			buildConfigurationList = 11A33D661C6F955700C965FE /* Build configuration list for PBXProject "RangeSliderExample" */;
			compatibilityVersion = "Xcode 3.2";
			developmentRegion = English;
			hasScannedForEncodings = 0;
			knownRegions = (
				en,
				Base,
			);
			mainGroup = 11A33D621C6F955700C965FE;
			productRefGroup = 11A33D6C1C6F955700C965FE /* Products */;
			projectDirPath = "";
			projectRoot = "";
			targets = (
				11A33D6A1C6F955700C965FE /* RangeSliderExample */,
			);
		};
/* End PBXProject section */

/* Begin PBXResourcesBuildPhase section */
		11A33D691C6F955700C965FE /* Resources */ = {
			isa = PBXResourcesBuildPhase;
			buildActionMask = 2147483647;
			files = (
				1130CB341C70F54100A6B758 /* RangeSlider.xib in Resources */,
				11A33D791C6F955700C965FE /* LaunchScreen.storyboard in Resources */,
				11A33D761C6F955700C965FE /* Assets.xcassets in Resources */,
				11A33D741C6F955700C965FE /* Main.storyboard in Resources */,
			);
			runOnlyForDeploymentPostprocessing = 0;
		};
/* End PBXResourcesBuildPhase section */

/* Begin PBXSourcesBuildPhase section */
		11A33D671C6F955700C965FE /* Sources */ = {
			isa = PBXSourcesBuildPhase;
			buildActionMask = 2147483647;
			files = (
				11A33D711C6F955700C965FE /* ViewController.swift in Sources */,
				1130CB331C70F54100A6B758 /* RangeSlider.swift in Sources */,
				11A33D6F1C6F955700C965FE /* AppDelegate.swift in Sources */,
			);
			runOnlyForDeploymentPostprocessing = 0;
		};
/* End PBXSourcesBuildPhase section */

/* Begin PBXVariantGroup section */
		11A33D721C6F955700C965FE /* Main.storyboard */ = {
			isa = PBXVariantGroup;
			children = (
				11A33D731C6F955700C965FE /* Base */,
			);
			name = Main.storyboard;
			sourceTree = "<group>";
		};
		11A33D771C6F955700C965FE /* LaunchScreen.storyboard */ = {
			isa = PBXVariantGroup;
			children = (
				11A33D781C6F955700C965FE /* Base */,
			);
			name = LaunchScreen.storyboard;
			sourceTree = "<group>";
		};
/* End PBXVariantGroup section */

/* Begin XCBuildConfiguration section */
		11A33D7B1C6F955700C965FE /* Debug */ = {
			isa = XCBuildConfiguration;
			buildSettings = {
				ALWAYS_SEARCH_USER_PATHS = NO;
				CLANG_CXX_LANGUAGE_STANDARD = "gnu++0x";
				CLANG_CXX_LIBRARY = "libc++";
				CLANG_ENABLE_MODULES = YES;
				CLANG_ENABLE_OBJC_ARC = YES;
				CLANG_WARN_BOOL_CONVERSION = YES;
				CLANG_WARN_CONSTANT_CONVERSION = YES;
				CLANG_WARN_DIRECT_OBJC_ISA_USAGE = YES_ERROR;
				CLANG_WARN_EMPTY_BODY = YES;
				CLANG_WARN_ENUM_CONVERSION = YES;
				CLANG_WARN_INT_CONVERSION = YES;
				CLANG_WARN_OBJC_ROOT_CLASS = YES_ERROR;
				CLANG_WARN_UNREACHABLE_CODE = YES;
				CLANG_WARN__DUPLICATE_METHOD_MATCH = YES;
				"CODE_SIGN_IDENTITY[sdk=iphoneos*]" = "iPhone Developer";
				COPY_PHASE_STRIP = NO;
				DEBUG_INFORMATION_FORMAT = dwarf;
				ENABLE_STRICT_OBJC_MSGSEND = YES;
				ENABLE_TESTABILITY = YES;
				GCC_C_LANGUAGE_STANDARD = gnu99;
				GCC_DYNAMIC_NO_PIC = NO;
				GCC_NO_COMMON_BLOCKS = YES;
				GCC_OPTIMIZATION_LEVEL = 0;
				GCC_PREPROCESSOR_DEFINITIONS = (
					"DEBUG=1",
					"$(inherited)",
				);
				GCC_WARN_64_TO_32_BIT_CONVERSION = YES;
				GCC_WARN_ABOUT_RETURN_TYPE = YES_ERROR;
				GCC_WARN_UNDECLARED_SELECTOR = YES;
				GCC_WARN_UNINITIALIZED_AUTOS = YES_AGGRESSIVE;
				GCC_WARN_UNUSED_FUNCTION = YES;
				GCC_WARN_UNUSED_VARIABLE = YES;
				IPHONEOS_DEPLOYMENT_TARGET = 9.2;
				MTL_ENABLE_DEBUG_INFO = YES;
				ONLY_ACTIVE_ARCH = YES;
				SDKROOT = iphoneos;
				SWIFT_OPTIMIZATION_LEVEL = "-Onone";
			};
			name = Debug;
		};
		11A33D7C1C6F955700C965FE /* Release */ = {
			isa = XCBuildConfiguration;
			buildSettings = {
				ALWAYS_SEARCH_USER_PATHS = NO;
				CLANG_CXX_LANGUAGE_STANDARD = "gnu++0x";
				CLANG_CXX_LIBRARY = "libc++";
				CLANG_ENABLE_MODULES = YES;
				CLANG_ENABLE_OBJC_ARC = YES;
				CLANG_WARN_BOOL_CONVERSION = YES;
				CLANG_WARN_CONSTANT_CONVERSION = YES;
				CLANG_WARN_DIRECT_OBJC_ISA_USAGE = YES_ERROR;
				CLANG_WARN_EMPTY_BODY = YES;
				CLANG_WARN_ENUM_CONVERSION = YES;
				CLANG_WARN_INT_CONVERSION = YES;
				CLANG_WARN_OBJC_ROOT_CLASS = YES_ERROR;
				CLANG_WARN_UNREACHABLE_CODE = YES;
				CLANG_WARN__DUPLICATE_METHOD_MATCH = YES;
				"CODE_SIGN_IDENTITY[sdk=iphoneos*]" = "iPhone Developer";
				COPY_PHASE_STRIP = NO;
				DEBUG_INFORMATION_FORMAT = "dwarf-with-dsym";
				ENABLE_NS_ASSERTIONS = NO;
				ENABLE_STRICT_OBJC_MSGSEND = YES;
				GCC_C_LANGUAGE_STANDARD = gnu99;
				GCC_NO_COMMON_BLOCKS = YES;
				GCC_WARN_64_TO_32_BIT_CONVERSION = YES;
				GCC_WARN_ABOUT_RETURN_TYPE = YES_ERROR;
				GCC_WARN_UNDECLARED_SELECTOR = YES;
				GCC_WARN_UNINITIALIZED_AUTOS = YES_AGGRESSIVE;
				GCC_WARN_UNUSED_FUNCTION = YES;
				GCC_WARN_UNUSED_VARIABLE = YES;
				IPHONEOS_DEPLOYMENT_TARGET = 9.2;
				MTL_ENABLE_DEBUG_INFO = NO;
				SDKROOT = iphoneos;
				VALIDATE_PRODUCT = YES;
			};
			name = Release;
		};
		11A33D7E1C6F955700C965FE /* Debug */ = {
			isa = XCBuildConfiguration;
			buildSettings = {
				ASSETCATALOG_COMPILER_APPICON_NAME = AppIcon;
				CODE_SIGN_IDENTITY = "iPhone Developer";
				INFOPLIST_FILE = RangeSliderExample/Info.plist;
				LD_RUNPATH_SEARCH_PATHS = "$(inherited) @executable_path/Frameworks";
				PRODUCT_BUNDLE_IDENTIFIER = com.haymob.RangeSliderExample;
				PRODUCT_NAME = "$(TARGET_NAME)";
			};
			name = Debug;
		};
		11A33D7F1C6F955700C965FE /* Release */ = {
			isa = XCBuildConfiguration;
			buildSettings = {
				ASSETCATALOG_COMPILER_APPICON_NAME = AppIcon;
				CODE_SIGN_IDENTITY = "iPhone Developer";
				INFOPLIST_FILE = RangeSliderExample/Info.plist;
				LD_RUNPATH_SEARCH_PATHS = "$(inherited) @executable_path/Frameworks";
				PRODUCT_BUNDLE_IDENTIFIER = com.haymob.RangeSliderExample;
				PRODUCT_NAME = "$(TARGET_NAME)";
			};
			name = Release;
		};
/* End XCBuildConfiguration section */

/* Begin XCConfigurationList section */
		11A33D661C6F955700C965FE /* Build configuration list for PBXProject "RangeSliderExample" */ = {
			isa = XCConfigurationList;
			buildConfigurations = (
				11A33D7B1C6F955700C965FE /* Debug */,
				11A33D7C1C6F955700C965FE /* Release */,
			);
			defaultConfigurationIsVisible = 0;
			defaultConfigurationName = Release;
		};
		11A33D7D1C6F955700C965FE /* Build configuration list for PBXNativeTarget "RangeSliderExample" */ = {
			isa = XCConfigurationList;
			buildConfigurations = (
				11A33D7E1C6F955700C965FE /* Debug */,
				11A33D7F1C6F955700C965FE /* Release */,
			);
			defaultConfigurationIsVisible = 0;
			defaultConfigurationName = Release;
		};
/* End XCConfigurationList section */
	};
	rootObject = 11A33D631C6F955700C965FE /* Project object */;
}
